PODS:
  - FBSnapshotTestCase (2.1.4):
    - FBSnapshotTestCase/SwiftSupport (= 2.1.4)
  - FBSnapshotTestCase/Core (2.1.4)
  - FBSnapshotTestCase/SwiftSupport (2.1.4):
    - FBSnapshotTestCase/Core
  - kubakbtsheet (0.1.3)

DEPENDENCIES:
  - FBSnapshotTestCase (~> 2.1.4)
  - kubakbtsheet (from `../`)

SPEC REPOS:
  trunk:
    - FBSnapshotTestCase

EXTERNAL SOURCES:
  kubakbtsheet:
    :path: "../"

SPEC CHECKSUMS:
  FBSnapshotTestCase: 094f9f314decbabe373b87cc339bea235a63e07a
  kubakbtsheet: 162f5a5eac7e0ad2ebe95190e5fe8ada7ab43eb3

PODFILE CHECKSUM: 6bc8bbf10f96dbe5fb04eb8cdfe6c9404ee4b226

COCOAPODS: 1.10.0
